
Microsoft Visual Studio Solution File, Format Version 12.00
# Visual Studio Version 17
VisualStudioVersion = 17.4.33110.190
MinimumVisualStudioVersion = 10.0.40219.1
Project("{FAE04EC0-301F-11D3-BF4B-00C04F79EFBC}") = "Priprema_nizovi2", "Priprema_nizovi2\Priprema_nizovi2.csproj", "{21B0484D-C544-4F47-8B49-C2CE7678BEAB}"
EndProject
Global
	GlobalSection(SolutionConfigurationPlatforms) = preSolution
		Debug|Any CPU = Debug|Any CPU
		Release|Any CPU = Release|Any CPU
	EndGlobalSection
	GlobalSection(ProjectConfigurationPlatforms) = postSolution
		{21B0484D-C544-4F47-8B49-C2CE7678BEAB}.Debug|Any CPU.ActiveCfg = Debug|Any CPU
		{21B0484D-C544-4F47-8B49-C2CE7678BEAB}.Debug|Any CPU.Build.0 = Debug|Any CPU
		{21B0484D-C544-4F47-8B49-C2CE7678BEAB}.Release|Any CPU.ActiveCfg = Release|Any CPU
		{21B0484D-C544-4F47-8B49-C2CE7678BEAB}.Release|Any CPU.Build.0 = Release|Any CPU
	EndGlobalSection
	GlobalSection(SolutionProperties) = preSolution
		HideSolutionNode = FALSE
	EndGlobalSection
	GlobalSection(ExtensibilityGlobals) = postSolution
		SolutionGuid = {D5163B6D-7D2B-411D-8E65-C1EF3CA99170}
	EndGlobalSection
EndGlobal
